
Microsoft Visual Studio Solution File, Format Version 12.00
# Visual Studio 15
VisualStudioVersion = 15.0.27617.1
MinimumVisualStudioVersion = 10.0.40219.1
Project("{9A19103F-16F7-4668-BE54-9A1E7A4F7556}") = "dotnet-sysinternals", "dotnet-sysinternals.csproj", "{92B67818-4C93-421E-AC54-EF8AB5F05F85}"
EndProject
Global
	GlobalSection(SolutionConfigurationPlatforms) = preSolution
		Debug|Any CPU = Debug|Any CPU
		Release|Any CPU = Release|Any CPU
	EndGlobalSection
	GlobalSection(ProjectConfigurationPlatforms) = postSolution
		{92B67818-4C93-421E-AC54-EF8AB5F05F85}.Debug|Any CPU.ActiveCfg = Debug|Any CPU
		{92B67818-4C93-421E-AC54-EF8AB5F05F85}.Debug|Any CPU.Build.0 = Debug|Any CPU
		{92B67818-4C93-421E-AC54-EF8AB5F05F85}.Release|Any CPU.ActiveCfg = Release|Any CPU
		{92B67818-4C93-421E-AC54-EF8AB5F05F85}.Release|Any CPU.Build.0 = Release|Any CPU
	EndGlobalSection
	GlobalSection(SolutionProperties) = preSolution
		HideSolutionNode = FALSE
	EndGlobalSection
	GlobalSection(ExtensibilityGlobals) = postSolution
		SolutionGuid = {57D6D03D-878A-4884-8A67-AC9C1FAD21DB}
	EndGlobalSection
EndGlobal
